
Microsoft Visual Studio Solution File, Format Version 12.00
# Visual Studio 15
VisualStudioVersion = 15.0.27130.2026
MinimumVisualStudioVersion = 10.0.40219.1
Project("{FAE04EC0-301F-11D3-BF4B-00C04F79EFBC}") = "CryptoPerformers.Android", "CryptoPerformers\CryptoPerformers.Android\CryptoPerformers.Android.csproj", "{73D05ACD-66D7-42D5-8287-8D286C01E0FE}"
EndProject
Project("{FAE04EC0-301F-11D3-BF4B-00C04F79EFBC}") = "CryptoPerformers", "CryptoPerformers\CryptoPerformers\CryptoPerformers.csproj", "{D967CC63-0F29-4F72-9B8B-BD57871D982E}"
EndProject
Global
	GlobalSection(SolutionConfigurationPlatforms) = preSolution
		Debug|Any CPU = Debug|Any CPU
		Release|Any CPU = Release|Any CPU
	EndGlobalSection
	GlobalSection(ProjectConfigurationPlatforms) = postSolution
		{73D05ACD-66D7-42D5-8287-8D286C01E0FE}.Debug|Any CPU.ActiveCfg = Debug|Any CPU
		{73D05ACD-66D7-42D5-8287-8D286C01E0FE}.Debug|Any CPU.Build.0 = Debug|Any CPU
		{73D05ACD-66D7-42D5-8287-8D286C01E0FE}.Debug|Any CPU.Deploy.0 = Debug|Any CPU
		{73D05ACD-66D7-42D5-8287-8D286C01E0FE}.Release|Any CPU.ActiveCfg = Release|Any CPU
		{73D05ACD-66D7-42D5-8287-8D286C01E0FE}.Release|Any CPU.Build.0 = Release|Any CPU
		{73D05ACD-66D7-42D5-8287-8D286C01E0FE}.Release|Any CPU.Deploy.0 = Release|Any CPU
		{D967CC63-0F29-4F72-9B8B-BD57871D982E}.Debug|Any CPU.ActiveCfg = Debug|Any CPU
		{D967CC63-0F29-4F72-9B8B-BD57871D982E}.Debug|Any CPU.Build.0 = Debug|Any CPU
		{D967CC63-0F29-4F72-9B8B-BD57871D982E}.Release|Any CPU.ActiveCfg = Release|Any CPU
		{D967CC63-0F29-4F72-9B8B-BD57871D982E}.Release|Any CPU.Build.0 = Release|Any CPU
	EndGlobalSection
	GlobalSection(SolutionProperties) = preSolution
		HideSolutionNode = FALSE
	EndGlobalSection
	GlobalSection(ExtensibilityGlobals) = postSolution
		SolutionGuid = {58C10CF6-39AF-4537-ADCE-3D333E3150F1}
	EndGlobalSection
EndGlobal
